
Microsoft Visual Studio Solution File, Format Version 12.00
# Visual Studio Version 16
VisualStudioVersion = 16.0.29613.14
MinimumVisualStudioVersion = 10.0.40219.1
Project("{FAE04EC0-301F-11D3-BF4B-00C04F79EFBC}") = "Terminal", "Terminal\Terminal.csproj", "{D3AAAE42-0048-4D42-B6C8-6B8552A11797}"
EndProject
Global
	GlobalSection(SolutionConfigurationPlatforms) = preSolution
		Debug|Any CPU = Debug|Any CPU
		Release|Any CPU = Release|Any CPU
	EndGlobalSection
	GlobalSection(ProjectConfigurationPlatforms) = postSolution
		{D3AAAE42-0048-4D42-B6C8-6B8552A11797}.Debug|Any CPU.ActiveCfg = Debug|Any CPU
		{D3AAAE42-0048-4D42-B6C8-6B8552A11797}.Debug|Any CPU.Build.0 = Debug|Any CPU
		{D3AAAE42-0048-4D42-B6C8-6B8552A11797}.Release|Any CPU.ActiveCfg = Release|Any CPU
		{D3AAAE42-0048-4D42-B6C8-6B8552A11797}.Release|Any CPU.Build.0 = Release|Any CPU
	EndGlobalSection
	GlobalSection(SolutionProperties) = preSolution
		HideSolutionNode = FALSE
	EndGlobalSection
	GlobalSection(ExtensibilityGlobals) = postSolution
		SolutionGuid = {619A3805-8663-40F0-BC99-9D2CBC36EEC9}
	EndGlobalSection
EndGlobal
